// !$*UTF8*$!
{
	archiveVersion = 1;
	classes = {
	};
	objectVersion = 50;
	objects = {

/* Begin PBXBuildFile section */
		343A37F923E0554600BB90B2 /* Sounds.swift in Sources */ = {isa = PBXBuildFile; fileRef = 343A37F823E0554600BB90B2 /* Sounds.swift */; };
		343A37FB23E056C200BB90B2 /* SetupGame.swift in Sources */ = {isa = PBXBuildFile; fileRef = 343A37FA23E056C200BB90B2 /* SetupGame.swift */; };
		3481DC2023D8884700FA7FF6 /* UIHighScores.framework in CopyFiles */ = {isa = PBXBuildFile; fileRef = 34BC998123D85FFF0024A1BA /* UIHighScores.framework */; settings = {ATTRIBUTES = (CodeSignOnCopy, RemoveHeadersOnCopy, ); }; };
		34BC994623D760E30024A1BA /* Sprite.swift in Sources */ = {isa = PBXBuildFile; fileRef = 34BC994523D760E30024A1BA /* Sprite.swift */; };
		34D7225E221ADEF200A46057 /* AppDelegate.swift in Sources */ = {isa = PBXBuildFile; fileRef = 34D7225D221ADEF200A46057 /* AppDelegate.swift */; };
		34D72260221ADEF200A46057 /* InvadersViewController.swift in Sources */ = {isa = PBXBuildFile; fileRef = 34D7225F221ADEF200A46057 /* InvadersViewController.swift */; };
		34D72263221ADEF200A46057 /* Main.storyboard in Resources */ = {isa = PBXBuildFile; fileRef = 34D72261221ADEF200A46057 /* Main.storyboard */; };
		34D72265221ADEF500A46057 /* Assets.xcassets in Resources */ = {isa = PBXBuildFile; fileRef = 34D72264221ADEF500A46057 /* Assets.xcassets */; };
		34D72268221ADEF500A46057 /* LaunchScreen.storyboard in Resources */ = {isa = PBXBuildFile; fileRef = 34D72266221ADEF500A46057 /* LaunchScreen.storyboard */; };
		34D72272221C535100A46057 /* extentions.swift in Sources */ = {isa = PBXBuildFile; fileRef = 34D72271221C535100A46057 /* extentions.swift */; };
		34D7227622204CE900A46057 /* InvadersModel.swift in Sources */ = {isa = PBXBuildFile; fileRef = 34D7227522204CE800A46057 /* InvadersModel.swift */; };
		34D7227822242D9300A46057 /* shoot.wav in Resources */ = {isa = PBXBuildFile; fileRef = 34D7227722242D9200A46057 /* shoot.wav */; };
		34D7227B22242EFE00A46057 /* invaderkilled.wav in Resources */ = {isa = PBXBuildFile; fileRef = 34D7227922242EFD00A46057 /* invaderkilled.wav */; };
		34D7227C22242EFE00A46057 /* explosion.wav in Resources */ = {isa = PBXBuildFile; fileRef = 34D7227A22242EFE00A46057 /* explosion.wav */; };
		34D7227F2224301300A46057 /* ufo_highpitch.wav in Resources */ = {isa = PBXBuildFile; fileRef = 34D7227E2224301300A46057 /* ufo_highpitch.wav */; };
		34D722812224319A00A46057 /* fastinvader1.wav in Resources */ = {isa = PBXBuildFile; fileRef = 34D722802224319900A46057 /* fastinvader1.wav */; };
		34D72283222558AB00A46057 /* SoundFX.swift in Sources */ = {isa = PBXBuildFile; fileRef = 34D72282222558AB00A46057 /* SoundFX.swift */; };
		34FC7B7023E06312007E0E3A /* Invaders.swift in Sources */ = {isa = PBXBuildFile; fileRef = 34FC7B6F23E06312007E0E3A /* Invaders.swift */; };
		34FC7B8A23E09F1A007E0E3A /* UIAlphaNumeric.framework in Frameworks */ = {isa = PBXBuildFile; fileRef = 34FC7B8923E09F08007E0E3A /* UIAlphaNumeric.framework */; };
		34FC7B8B23E09F1A007E0E3A /* UIAlphaNumeric.framework in CopyFiles */ = {isa = PBXBuildFile; fileRef = 34FC7B8923E09F08007E0E3A /* UIAlphaNumeric.framework */; settings = {ATTRIBUTES = (CodeSignOnCopy, RemoveHeadersOnCopy, ); }; };
		34FC7B8C23E09F21007E0E3A /* UISprites.framework in Frameworks */ = {isa = PBXBuildFile; fileRef = 34FC7B8323E09EF7007E0E3A /* UISprites.framework */; };
		34FC7B8D23E09F21007E0E3A /* UISprites.framework in CopyFiles */ = {isa = PBXBuildFile; fileRef = 34FC7B8323E09EF7007E0E3A /* UISprites.framework */; settings = {ATTRIBUTES = (CodeSignOnCopy, RemoveHeadersOnCopy, ); }; };
		34FC7BFF23E1ECDC007E0E3A /* UIHighScores.framework in Frameworks */ = {isa = PBXBuildFile; fileRef = 34FC7BFB23E1ECDC007E0E3A /* UIHighScores.framework */; };
/* End PBXBuildFile section */

/* Begin PBXContainerItemProxy section */
		34BC998023D85FFF0024A1BA /* PBXContainerItemProxy */ = {
			isa = PBXContainerItemProxy;
			containerPortal = 34BC997A23D85FFF0024A1BA /* UIHighScores.xcodeproj */;
			proxyType = 2;
			remoteGlobalIDString = 34BC995423D854360024A1BA;
			remoteInfo = UIHighScores;
		};
		34FC7B8223E09EF7007E0E3A /* PBXContainerItemProxy */ = {
			isa = PBXContainerItemProxy;
			containerPortal = 34FC7B7E23E09EF7007E0E3A /* UISprites.xcodeproj */;
			proxyType = 2;
			remoteGlobalIDString = 348F9F5823CE15440007FC65;
			remoteInfo = UISprites;
		};
		34FC7B8823E09F08007E0E3A /* PBXContainerItemProxy */ = {
			isa = PBXContainerItemProxy;
			containerPortal = 34FC7B8423E09F07007E0E3A /* UIAlphaNumeric.xcodeproj */;
			proxyType = 2;
			remoteGlobalIDString = 348F9F9023D7230A0007FC65;
			remoteInfo = UIAlphaNumeric;
		};
/* End PBXContainerItemProxy section */

/* Begin PBXCopyFilesBuildPhase section */
		34BC998423D872B10024A1BA /* CopyFiles */ = {
			isa = PBXCopyFilesBuildPhase;
			buildActionMask = 12;
			dstPath = "";
			dstSubfolderSpec = 10;
			files = (
				3481DC2023D8884700FA7FF6 /* UIHighScores.framework in CopyFiles */,
				34FC7B8D23E09F21007E0E3A /* UISprites.framework in CopyFiles */,
				34FC7B8B23E09F1A007E0E3A /* UIAlphaNumeric.framework in CopyFiles */,
			);
			runOnlyForDeploymentPostprocessing = 0;
		};
/* End PBXCopyFilesBuildPhase section */

/* Begin PBXFileReference section */
		343A37F823E0554600BB90B2 /* Sounds.swift */ = {isa = PBXFileReference; lastKnownFileType = sourcecode.swift; path = Sounds.swift; sourceTree = "<group>"; };
		343A37FA23E056C200BB90B2 /* SetupGame.swift */ = {isa = PBXFileReference; lastKnownFileType = sourcecode.swift; path = SetupGame.swift; sourceTree = "<group>"; };
		34BC994523D760E30024A1BA /* Sprite.swift */ = {isa = PBXFileReference; fileEncoding = 4; lastKnownFileType = sourcecode.swift; path = Sprite.swift; sourceTree = "<group>"; };
		34BC997A23D85FFF0024A1BA /* UIHighScores.xcodeproj */ = {isa = PBXFileReference; lastKnownFileType = "wrapper.pb-project"; name = UIHighScores.xcodeproj; path = ../UIHighScores/UIHighScores.xcodeproj; sourceTree = "<group>"; };
		34D7225A221ADEF200A46057 /* Retro Invaders.app */ = {isa = PBXFileReference; explicitFileType = wrapper.application; includeInIndex = 0; path = "Retro Invaders.app"; sourceTree = BUILT_PRODUCTS_DIR; };
		34D7225D221ADEF200A46057 /* AppDelegate.swift */ = {isa = PBXFileReference; lastKnownFileType = sourcecode.swift; path = AppDelegate.swift; sourceTree = "<group>"; };
		34D7225F221ADEF200A46057 /* InvadersViewController.swift */ = {isa = PBXFileReference; lastKnownFileType = sourcecode.swift; path = InvadersViewController.swift; sourceTree = "<group>"; };
		34D72262221ADEF200A46057 /* Base */ = {isa = PBXFileReference; lastKnownFileType = file.storyboard; name = Base; path = Base.lproj/Main.storyboard; sourceTree = "<group>"; };
		34D72264221ADEF500A46057 /* Assets.xcassets */ = {isa = PBXFileReference; lastKnownFileType = folder.assetcatalog; path = Assets.xcassets; sourceTree = "<group>"; };
		34D72267221ADEF500A46057 /* Base */ = {isa = PBXFileReference; lastKnownFileType = file.storyboard; name = Base; path = Base.lproj/LaunchScreen.storyboard; sourceTree = "<group>"; };
		34D72269221ADEF500A46057 /* Info.plist */ = {isa = PBXFileReference; lastKnownFileType = text.plist.xml; path = Info.plist; sourceTree = "<group>"; };
		34D72271221C535100A46057 /* extentions.swift */ = {isa = PBXFileReference; lastKnownFileType = sourcecode.swift; path = extentions.swift; sourceTree = "<group>"; };
		34D7227522204CE800A46057 /* InvadersModel.swift */ = {isa = PBXFileReference; lastKnownFileType = sourcecode.swift; path = InvadersModel.swift; sourceTree = "<group>"; };
		34D7227722242D9200A46057 /* shoot.wav */ = {isa = PBXFileReference; lastKnownFileType = audio.wav; path = shoot.wav; sourceTree = "<group>"; };
		34D7227922242EFD00A46057 /* invaderkilled.wav */ = {isa = PBXFileReference; lastKnownFileType = audio.wav; path = invaderkilled.wav; sourceTree = "<group>"; };
		34D7227A22242EFE00A46057 /* explosion.wav */ = {isa = PBXFileReference; lastKnownFileType = audio.wav; path = explosion.wav; sourceTree = "<group>"; };
		34D7227E2224301300A46057 /* ufo_highpitch.wav */ = {isa = PBXFileReference; lastKnownFileType = audio.wav; path = ufo_highpitch.wav; sourceTree = "<group>"; };
		34D722802224319900A46057 /* fastinvader1.wav */ = {isa = PBXFileReference; lastKnownFileType = audio.wav; path = fastinvader1.wav; sourceTree = "<group>"; };
		34D72282222558AB00A46057 /* SoundFX.swift */ = {isa = PBXFileReference; lastKnownFileType = sourcecode.swift; path = SoundFX.swift; sourceTree = "<group>"; };
		34FC7B6F23E06312007E0E3A /* Invaders.swift */ = {isa = PBXFileReference; lastKnownFileType = sourcecode.swift; path = Invaders.swift; sourceTree = "<group>"; };
		34FC7B7E23E09EF7007E0E3A /* UISprites.xcodeproj */ = {isa = PBXFileReference; lastKnownFileType = "wrapper.pb-project"; name = UISprites.xcodeproj; path = ../UISprites/UISprites.xcodeproj; sourceTree = "<group>"; };
		34FC7B8423E09F07007E0E3A /* UIAlphaNumeric.xcodeproj */ = {isa = PBXFileReference; lastKnownFileType = "wrapper.pb-project"; name = UIAlphaNumeric.xcodeproj; path = ../UIAlphaNumeric/UIAlphaNumeric.xcodeproj; sourceTree = "<group>"; };
		34FC7BFB23E1ECDC007E0E3A /* UIHighScores.framework */ = {isa = PBXFileReference; lastKnownFileType = wrapper.framework; name = UIHighScores.framework; path = "../../Library/Developer/Xcode/DerivedData/UIViewInvaders-gtuyjeyucsbajxagjwqilucddnif/Build/Products/Debug-iphoneos/UIHighScores.framework"; sourceTree = "<group>"; };
		34FC7C0023E1ED23007E0E3A /* UIAlphaNumeric.framework */ = {isa = PBXFileReference; lastKnownFileType = wrapper.framework; name = UIAlphaNumeric.framework; path = "../../Library/Developer/Xcode/DerivedData/UIViewInvaders-gtuyjeyucsbajxagjwqilucddnif/Build/Products/Debug-iphoneos/UIAlphaNumeric.framework"; sourceTree = "<group>"; };
		34FC7C0223E1ED33007E0E3A /* UISprites.framework */ = {isa = PBXFileReference; lastKnownFileType = wrapper.framework; name = UISprites.framework; path = "../../Library/Developer/Xcode/DerivedData/UIViewInvaders-gtuyjeyucsbajxagjwqilucddnif/Build/Products/Debug-iphoneos/UISprites.framework"; sourceTree = "<group>"; };
/* End PBXFileReference section */

/* Begin PBXFrameworksBuildPhase section */
		34D72257221ADEF200A46057 /* Frameworks */ = {
			isa = PBXFrameworksBuildPhase;
			buildActionMask = 2147483647;
			files = (
				34FC7B8C23E09F21007E0E3A /* UISprites.framework in Frameworks */,
				34FC7B8A23E09F1A007E0E3A /* UIAlphaNumeric.framework in Frameworks */,
				34FC7BFF23E1ECDC007E0E3A /* UIHighScores.framework in Frameworks */,
			);
			runOnlyForDeploymentPostprocessing = 0;
		};
/* End PBXFrameworksBuildPhase section */

/* Begin PBXGroup section */
		3403BCA623D756A400C29047 /* Frameworks */ = {
			isa = PBXGroup;
			children = (
				34FC7C0223E1ED33007E0E3A /* UISprites.framework */,
				34FC7C0023E1ED23007E0E3A /* UIAlphaNumeric.framework */,
				34FC7BFB23E1ECDC007E0E3A /* UIHighScores.framework */,
			);
			name = Frameworks;
			sourceTree = "<group>";
		};
		34BC994723D7650A0024A1BA /* Sprites */ = {
			isa = PBXGroup;
			children = (
				34BC994523D760E30024A1BA /* Sprite.swift */,
				34FC7B6F23E06312007E0E3A /* Invaders.swift */,
			);
			path = Sprites;
			sourceTree = "<group>";
		};
		34BC997B23D85FFF0024A1BA /* Products */ = {
			isa = PBXGroup;
			children = (
				34BC998123D85FFF0024A1BA /* UIHighScores.framework */,
			);
			name = Products;
			sourceTree = "<group>";
		};
		34D72251221ADEF200A46057 = {
			isa = PBXGroup;
			children = (
				34FC7B7E23E09EF7007E0E3A /* UISprites.xcodeproj */,
				34FC7B8423E09F07007E0E3A /* UIAlphaNumeric.xcodeproj */,
				34BC997A23D85FFF0024A1BA /* UIHighScores.xcodeproj */,
				34D7225C221ADEF200A46057 /* UIViewInvaders */,
				34D7225B221ADEF200A46057 /* Products */,
				3403BCA623D756A400C29047 /* Frameworks */,
			);
			sourceTree = "<group>";
		};
		34D7225B221ADEF200A46057 /* Products */ = {
			isa = PBXGroup;
			children = (
				34D7225A221ADEF200A46057 /* Retro Invaders.app */,
			);
			name = Products;
			sourceTree = "<group>";
		};
		34D7225C221ADEF200A46057 /* UIViewInvaders */ = {
			isa = PBXGroup;
			children = (
				343A37FA23E056C200BB90B2 /* SetupGame.swift */,
				34BC994723D7650A0024A1BA /* Sprites */,
				34D7225D221ADEF200A46057 /* AppDelegate.swift */,
				34D72264221ADEF500A46057 /* Assets.xcassets */,
				34D72271221C535100A46057 /* extentions.swift */,
				34D72269221ADEF500A46057 /* Info.plist */,
				34D7227522204CE800A46057 /* InvadersModel.swift */,
				34D7225F221ADEF200A46057 /* InvadersViewController.swift */,
				34D72266221ADEF500A46057 /* LaunchScreen.storyboard */,
				34D72261221ADEF200A46057 /* Main.storyboard */,
				34D7227D22242F0300A46057 /* Sounds */,
				34D72282222558AB00A46057 /* SoundFX.swift */,
			);
			path = UIViewInvaders;
			sourceTree = "<group>";
		};
		34D7227D22242F0300A46057 /* Sounds */ = {
			isa = PBXGroup;
			children = (
				34D722802224319900A46057 /* fastinvader1.wav */,
				34D7227E2224301300A46057 /* ufo_highpitch.wav */,
				34D7227722242D9200A46057 /* shoot.wav */,
				34D7227A22242EFE00A46057 /* explosion.wav */,
				34D7227922242EFD00A46057 /* invaderkilled.wav */,
				343A37F823E0554600BB90B2 /* Sounds.swift */,
			);
			path = Sounds;
			sourceTree = "<group>";
		};
		34FC7B7F23E09EF7007E0E3A /* Products */ = {
			isa = PBXGroup;
			children = (
				34FC7B8323E09EF7007E0E3A /* UISprites.framework */,
			);
			name = Products;
			sourceTree = "<group>";
		};
		34FC7B8523E09F07007E0E3A /* Products */ = {
			isa = PBXGroup;
			children = (
				34FC7B8923E09F08007E0E3A /* UIAlphaNumeric.framework */,
			);
			name = Products;
			sourceTree = "<group>";
		};
/* End PBXGroup section */

/* Begin PBXNativeTarget section */
		34D72259221ADEF200A46057 /* UIViewInvaders */ = {
			isa = PBXNativeTarget;
			buildConfigurationList = 34D7226C221ADEF500A46057 /* Build configuration list for PBXNativeTarget "UIViewInvaders" */;
			buildPhases = (
				34BC998423D872B10024A1BA /* CopyFiles */,
				34D72256221ADEF200A46057 /* Sources */,
				34D72257221ADEF200A46057 /* Frameworks */,
				34D72258221ADEF200A46057 /* Resources */,
			);
			buildRules = (
			);
			dependencies = (
			);
			name = UIViewInvaders;
			productName = UIViewInvaders;
			productReference = 34D7225A221ADEF200A46057 /* Retro Invaders.app */;
			productType = "com.apple.product-type.application";
		};
/* End PBXNativeTarget section */

/* Begin PBXProject section */
		34D72252221ADEF200A46057 /* Project object */ = {
			isa = PBXProject;
			attributes = {
				LastSwiftUpdateCheck = 1010;
				LastUpgradeCheck = 1010;
				ORGANIZATIONNAME = Jaypeeff;
				TargetAttributes = {
					34D72259221ADEF200A46057 = {
						CreatedOnToolsVersion = 10.1;
					};
				};
			};
			buildConfigurationList = 34D72255221ADEF200A46057 /* Build configuration list for PBXProject "UIViewInvaders" */;
			compatibilityVersion = "Xcode 9.3";
			developmentRegion = en;
			hasScannedForEncodings = 0;
			knownRegions = (
				en,
				Base,
			);
			mainGroup = 34D72251221ADEF200A46057;
			productRefGroup = 34D7225B221ADEF200A46057 /* Products */;
			projectDirPath = "";
			projectReferences = (
				{
					ProductGroup = 34FC7B8523E09F07007E0E3A /* Products */;
					ProjectRef = 34FC7B8423E09F07007E0E3A /* UIAlphaNumeric.xcodeproj */;
				},
				{
					ProductGroup = 34BC997B23D85FFF0024A1BA /* Products */;
					ProjectRef = 34BC997A23D85FFF0024A1BA /* UIHighScores.xcodeproj */;
				},
				{
					ProductGroup = 34FC7B7F23E09EF7007E0E3A /* Products */;
					ProjectRef = 34FC7B7E23E09EF7007E0E3A /* UISprites.xcodeproj */;
				},
			);
			projectRoot = "";
			targets = (
				34D72259221ADEF200A46057 /* UIViewInvaders */,
			);
		};
/* End PBXProject section */

/* Begin PBXReferenceProxy section */
		34BC998123D85FFF0024A1BA /* UIHighScores.framework */ = {
			isa = PBXReferenceProxy;
			fileType = wrapper.framework;
			path = UIHighScores.framework;
			remoteRef = 34BC998023D85FFF0024A1BA /* PBXContainerItemProxy */;
			sourceTree = BUILT_PRODUCTS_DIR;
		};
		34FC7B8323E09EF7007E0E3A /* UISprites.framework */ = {
			isa = PBXReferenceProxy;
			fileType = wrapper.framework;
			path = UISprites.framework;
			remoteRef = 34FC7B8223E09EF7007E0E3A /* PBXContainerItemProxy */;
			sourceTree = BUILT_PRODUCTS_DIR;
		};
		34FC7B8923E09F08007E0E3A /* UIAlphaNumeric.framework */ = {
			isa = PBXReferenceProxy;
			fileType = wrapper.framework;
			path = UIAlphaNumeric.framework;
			remoteRef = 34FC7B8823E09F08007E0E3A /* PBXContainerItemProxy */;
			sourceTree = BUILT_PRODUCTS_DIR;
		};
/* End PBXReferenceProxy section */

/* Begin PBXResourcesBuildPhase section */
		34D72258221ADEF200A46057 /* Resources */ = {
			isa = PBXResourcesBuildPhase;
			buildActionMask = 2147483647;
			files = (
				34D7227C22242EFE00A46057 /* explosion.wav in Resources */,
				34D7227B22242EFE00A46057 /* invaderkilled.wav in Resources */,
				34D72268221ADEF500A46057 /* LaunchScreen.storyboard in Resources */,
				34D72265221ADEF500A46057 /* Assets.xcassets in Resources */,
				34D722812224319A00A46057 /* fastinvader1.wav in Resources */,
				34D7227F2224301300A46057 /* ufo_highpitch.wav in Resources */,
				34D7227822242D9300A46057 /* shoot.wav in Resources */,
				34D72263221ADEF200A46057 /* Main.storyboard in Resources */,
			);
			runOnlyForDeploymentPostprocessing = 0;
		};
/* End PBXResourcesBuildPhase section */

/* Begin PBXSourcesBuildPhase section */
		34D72256221ADEF200A46057 /* Sources */ = {
			isa = PBXSourcesBuildPhase;
			buildActionMask = 2147483647;
			files = (
				34BC994623D760E30024A1BA /* Sprite.swift in Sources */,
				34D72272221C535100A46057 /* extentions.swift in Sources */,
				34D7227622204CE900A46057 /* InvadersModel.swift in Sources */,
				34D72260221ADEF200A46057 /* InvadersViewController.swift in Sources */,
				343A37F923E0554600BB90B2 /* Sounds.swift in Sources */,
				34FC7B7023E06312007E0E3A /* Invaders.swift in Sources */,
				343A37FB23E056C200BB90B2 /* SetupGame.swift in Sources */,
				34D7225E221ADEF200A46057 /* AppDelegate.swift in Sources */,
				34D72283222558AB00A46057 /* SoundFX.swift in Sources */,
			);
			runOnlyForDeploymentPostprocessing = 0;
		};
/* End PBXSourcesBuildPhase section */

/* Begin PBXVariantGroup section */
		34D72261221ADEF200A46057 /* Main.storyboard */ = {
			isa = PBXVariantGroup;
			children = (
				34D72262221ADEF200A46057 /* Base */,
			);
			name = Main.storyboard;
			sourceTree = "<group>";
		};
		34D72266221ADEF500A46057 /* LaunchScreen.storyboard */ = {
			isa = PBXVariantGroup;
			children = (
				34D72267221ADEF500A46057 /* Base */,
			);
			name = LaunchScreen.storyboard;
			sourceTree = "<group>";
		};
/* End PBXVariantGroup section */

/* Begin XCBuildConfiguration section */
		34D7226A221ADEF500A46057 /* Debug */ = {
			isa = XCBuildConfiguration;
			buildSettings = {
				ALWAYS_EMBED_SWIFT_STANDARD_LIBRARIES = YES;
				ALWAYS_SEARCH_USER_PATHS = NO;
				CLANG_ANALYZER_NONNULL = YES;
				CLANG_ANALYZER_NUMBER_OBJECT_CONVERSION = YES_AGGRESSIVE;
				CLANG_CXX_LANGUAGE_STANDARD = "gnu++14";
				CLANG_CXX_LIBRARY = "libc++";
				CLANG_ENABLE_MODULES = YES;
				CLANG_ENABLE_OBJC_ARC = YES;
				CLANG_ENABLE_OBJC_WEAK = YES;
				CLANG_WARN_BLOCK_CAPTURE_AUTORELEASING = YES;
				CLANG_WARN_BOOL_CONVERSION = YES;
				CLANG_WARN_COMMA = YES;
				CLANG_WARN_CONSTANT_CONVERSION = YES;
				CLANG_WARN_DEPRECATED_OBJC_IMPLEMENTATIONS = YES;
				CLANG_WARN_DIRECT_OBJC_ISA_USAGE = YES_ERROR;
				CLANG_WARN_DOCUMENTATION_COMMENTS = YES;
				CLANG_WARN_EMPTY_BODY = YES;
				CLANG_WARN_ENUM_CONVERSION = YES;
				CLANG_WARN_INFINITE_RECURSION = YES;
				CLANG_WARN_INT_CONVERSION = YES;
				CLANG_WARN_NON_LITERAL_NULL_CONVERSION = YES;
				CLANG_WARN_OBJC_IMPLICIT_RETAIN_SELF = YES;
				CLANG_WARN_OBJC_LITERAL_CONVERSION = YES;
				CLANG_WARN_OBJC_ROOT_CLASS = YES_ERROR;
				CLANG_WARN_RANGE_LOOP_ANALYSIS = YES;
				CLANG_WARN_STRICT_PROTOTYPES = YES;
				CLANG_WARN_SUSPICIOUS_MOVE = YES;
				CLANG_WARN_UNGUARDED_AVAILABILITY = YES_AGGRESSIVE;
				CLANG_WARN_UNREACHABLE_CODE = YES;
				CLANG_WARN__DUPLICATE_METHOD_MATCH = YES;
				CODE_SIGN_IDENTITY = "iPhone Developer";
				COPY_PHASE_STRIP = NO;
				DEBUG_INFORMATION_FORMAT = dwarf;
				ENABLE_STRICT_OBJC_MSGSEND = YES;
				ENABLE_TESTABILITY = YES;
				GCC_C_LANGUAGE_STANDARD = gnu11;
				GCC_DYNAMIC_NO_PIC = NO;
				GCC_NO_COMMON_BLOCKS = YES;
				GCC_OPTIMIZATION_LEVEL = 0;
				GCC_PREPROCESSOR_DEFINITIONS = (
					"DEBUG=1",
					"$(inherited)",
				);
				GCC_WARN_64_TO_32_BIT_CONVERSION = YES;
				GCC_WARN_ABOUT_RETURN_TYPE = YES_ERROR;
				GCC_WARN_UNDECLARED_SELECTOR = YES;
				GCC_WARN_UNINITIALIZED_AUTOS = YES_AGGRESSIVE;
				GCC_WARN_UNUSED_FUNCTION = YES;
				GCC_WARN_UNUSED_VARIABLE = YES;
				IPHONEOS_DEPLOYMENT_TARGET = 12.1;
				MTL_ENABLE_DEBUG_INFO = INCLUDE_SOURCE;
				MTL_FAST_MATH = YES;
				ONLY_ACTIVE_ARCH = YES;
				SDKROOT = iphoneos;
				SWIFT_ACTIVE_COMPILATION_CONDITIONS = DEBUG;
				SWIFT_OPTIMIZATION_LEVEL = "-Onone";
			};
			name = Debug;
		};
		34D7226B221ADEF500A46057 /* Release */ = {
			isa = XCBuildConfiguration;
			buildSettings = {
				ALWAYS_EMBED_SWIFT_STANDARD_LIBRARIES = YES;
				ALWAYS_SEARCH_USER_PATHS = NO;
				CLANG_ANALYZER_NONNULL = YES;
				CLANG_ANALYZER_NUMBER_OBJECT_CONVERSION = YES_AGGRESSIVE;
				CLANG_CXX_LANGUAGE_STANDARD = "gnu++14";
				CLANG_CXX_LIBRARY = "libc++";
				CLANG_ENABLE_MODULES = YES;
				CLANG_ENABLE_OBJC_ARC = YES;
				CLANG_ENABLE_OBJC_WEAK = YES;
				CLANG_WARN_BLOCK_CAPTURE_AUTORELEASING = YES;
				CLANG_WARN_BOOL_CONVERSION = YES;
				CLANG_WARN_COMMA = YES;
				CLANG_WARN_CONSTANT_CONVERSION = YES;
				CLANG_WARN_DEPRECATED_OBJC_IMPLEMENTATIONS = YES;
				CLANG_WARN_DIRECT_OBJC_ISA_USAGE = YES_ERROR;
				CLANG_WARN_DOCUMENTATION_COMMENTS = YES;
				CLANG_WARN_EMPTY_BODY = YES;
				CLANG_WARN_ENUM_CONVERSION = YES;
				CLANG_WARN_INFINITE_RECURSION = YES;
				CLANG_WARN_INT_CONVERSION = YES;
				CLANG_WARN_NON_LITERAL_NULL_CONVERSION = YES;
				CLANG_WARN_OBJC_IMPLICIT_RETAIN_SELF = YES;
				CLANG_WARN_OBJC_LITERAL_CONVERSION = YES;
				CLANG_WARN_OBJC_ROOT_CLASS = YES_ERROR;
				CLANG_WARN_RANGE_LOOP_ANALYSIS = YES;
				CLANG_WARN_STRICT_PROTOTYPES = YES;
				CLANG_WARN_SUSPICIOUS_MOVE = YES;
				CLANG_WARN_UNGUARDED_AVAILABILITY = YES_AGGRESSIVE;
				CLANG_WARN_UNREACHABLE_CODE = YES;
				CLANG_WARN__DUPLICATE_METHOD_MATCH = YES;
				CODE_SIGN_IDENTITY = "iPhone Developer";
				COPY_PHASE_STRIP = NO;
				DEBUG_INFORMATION_FORMAT = "dwarf-with-dsym";
				ENABLE_NS_ASSERTIONS = NO;
				ENABLE_STRICT_OBJC_MSGSEND = YES;
				GCC_C_LANGUAGE_STANDARD = gnu11;
				GCC_NO_COMMON_BLOCKS = YES;
				GCC_WARN_64_TO_32_BIT_CONVERSION = YES;
				GCC_WARN_ABOUT_RETURN_TYPE = YES_ERROR;
				GCC_WARN_UNDECLARED_SELECTOR = YES;
				GCC_WARN_UNINITIALIZED_AUTOS = YES_AGGRESSIVE;
				GCC_WARN_UNUSED_FUNCTION = YES;
				GCC_WARN_UNUSED_VARIABLE = YES;
				IPHONEOS_DEPLOYMENT_TARGET = 12.1;
				MTL_ENABLE_DEBUG_INFO = NO;
				MTL_FAST_MATH = YES;
				SDKROOT = iphoneos;
				SWIFT_COMPILATION_MODE = wholemodule;
				SWIFT_OPTIMIZATION_LEVEL = "-O";
				VALIDATE_PRODUCT = YES;
			};
			name = Release;
		};
		34D7226D221ADEF500A46057 /* Debug */ = {
			isa = XCBuildConfiguration;
			buildSettings = {
				ALWAYS_EMBED_SWIFT_STANDARD_LIBRARIES = NO;
				ASSETCATALOG_COMPILER_APPICON_NAME = AppIcon;
				CODE_SIGN_STYLE = Automatic;
				CURRENT_PROJECT_VERSION = 2;
				DEVELOPMENT_TEAM = 9GZ8FVR7LN;
				DYLIB_INSTALL_NAME_BASE = "@rpath";
				FRAMEWORK_SEARCH_PATHS = (
					"$(inherited)",
					"$(PROJECT_DIR)",
				);
				INFOPLIST_FILE = UIViewInvaders/Info.plist;
				IPHONEOS_DEPLOYMENT_TARGET = 10.0;
				LD_RUNPATH_SEARCH_PATHS = (
					"$(inherited)",
					"@executable_path/Frameworks",
				);
				PRODUCT_BUNDLE_IDENTIFIER = com.jaypeeff.UIViewInvaders;
				PRODUCT_NAME = "Retro Invaders";
				SWIFT_VERSION = 4.2;
				TARGETED_DEVICE_FAMILY = 1;
			};
			name = Debug;
		};
		34D7226E221ADEF500A46057 /* Release */ = {
			isa = XCBuildConfiguration;
			buildSettings = {
				ALWAYS_EMBED_SWIFT_STANDARD_LIBRARIES = NO;
				ASSETCATALOG_COMPILER_APPICON_NAME = AppIcon;
				CODE_SIGN_IDENTITY = "iPhone Distribution";
				CODE_SIGN_STYLE = Manual;
				CURRENT_PROJECT_VERSION = 2;
				DEVELOPMENT_TEAM = 9GZ8FVR7LN;
				DYLIB_INSTALL_NAME_BASE = "@rpath";
				FRAMEWORK_SEARCH_PATHS = (
					"$(inherited)",
					"$(PROJECT_DIR)",
				);
				INFOPLIST_FILE = UIViewInvaders/Info.plist;
				IPHONEOS_DEPLOYMENT_TARGET = 10.0;
				LD_RUNPATH_SEARCH_PATHS = (
					"$(inherited)",
					"@executable_path/Frameworks",
				);
				PRODUCT_BUNDLE_IDENTIFIER = com.jaypeeff.retroinvaders;
				PRODUCT_NAME = "Retro Invaders";
				PROVISIONING_PROFILE_SPECIFIER = "JPF Retro Dist";
				SWIFT_VERSION = 4.2;
				TARGETED_DEVICE_FAMILY = 1;
			};
			name = Release;
		};
/* End XCBuildConfiguration section */

/* Begin XCConfigurationList section */
		34D72255221ADEF200A46057 /* Build configuration list for PBXProject "UIViewInvaders" */ = {
			isa = XCConfigurationList;
			buildConfigurations = (
				34D7226A221ADEF500A46057 /* Debug */,
				34D7226B221ADEF500A46057 /* Release */,
			);
			defaultConfigurationIsVisible = 0;
			defaultConfigurationName = Release;
		};
		34D7226C221ADEF500A46057 /* Build configuration list for PBXNativeTarget "UIViewInvaders" */ = {
			isa = XCConfigurationList;
			buildConfigurations = (
				34D7226D221ADEF500A46057 /* Debug */,
				34D7226E221ADEF500A46057 /* Release */,
			);
			defaultConfigurationIsVisible = 0;
			defaultConfigurationName = Release;
		};
/* End XCConfigurationList section */
	};
	rootObject = 34D72252221ADEF200A46057 /* Project object */;
}
